
Microsoft Visual Studio Solution File, Format Version 12.00
# Visual Studio 15
VisualStudioVersion = 15.0.28010.2041
MinimumVisualStudioVersion = 10.0.40219.1
Project("{FAE04EC0-301F-11D3-BF4B-00C04F79EFBC}") = "ConsoleApp14", "ConsoleApp14\ConsoleApp14.csproj", "{7447021B-E4D6-4607-8979-80A324D327FE}"
EndProject
Global
	GlobalSection(SolutionConfigurationPlatforms) = preSolution
		Debug|Any CPU = Debug|Any CPU
		Release|Any CPU = Release|Any CPU
	EndGlobalSection
	GlobalSection(ProjectConfigurationPlatforms) = postSolution
		{7447021B-E4D6-4607-8979-80A324D327FE}.Debug|Any CPU.ActiveCfg = Debug|Any CPU
		{7447021B-E4D6-4607-8979-80A324D327FE}.Debug|Any CPU.Build.0 = Debug|Any CPU
		{7447021B-E4D6-4607-8979-80A324D327FE}.Release|Any CPU.ActiveCfg = Release|Any CPU
		{7447021B-E4D6-4607-8979-80A324D327FE}.Release|Any CPU.Build.0 = Release|Any CPU
	EndGlobalSection
	GlobalSection(SolutionProperties) = preSolution
		HideSolutionNode = FALSE
	EndGlobalSection
	GlobalSection(ExtensibilityGlobals) = postSolution
		SolutionGuid = {EA9C5477-C04D-40D4-B3F3-BA6AFC33243C}
	EndGlobalSection
EndGlobal
